
Microsoft Visual Studio Solution File, Format Version 12.00
# Visual Studio 15
VisualStudioVersion = 15.0.27703.2042
MinimumVisualStudioVersion = 10.0.40219.1
Project("{888888A0-9F3D-457C-B088-3A5042F75D52}") = "BitWebAdmin", "BitWebAdmin\BitWebAdmin.pyproj", "{18924D53-DC6E-43A6-B2DA-D7390EE4B882}"
EndProject
Global
	GlobalSection(SolutionConfigurationPlatforms) = preSolution
		Debug|Any CPU = Debug|Any CPU
		Release|Any CPU = Release|Any CPU
	EndGlobalSection
	GlobalSection(ProjectConfigurationPlatforms) = postSolution
		{18924D53-DC6E-43A6-B2DA-D7390EE4B882}.Debug|Any CPU.ActiveCfg = Debug|Any CPU
		{18924D53-DC6E-43A6-B2DA-D7390EE4B882}.Debug|Any CPU.Build.0 = Debug|Any CPU
		{18924D53-DC6E-43A6-B2DA-D7390EE4B882}.Release|Any CPU.ActiveCfg = Release|Any CPU
		{18924D53-DC6E-43A6-B2DA-D7390EE4B882}.Release|Any CPU.Build.0 = Release|Any CPU
	EndGlobalSection
	GlobalSection(SolutionProperties) = preSolution
		HideSolutionNode = FALSE
	EndGlobalSection
	GlobalSection(ExtensibilityGlobals) = postSolution
		SolutionGuid = {5A8DE5FC-4A7E-4521-89DE-156C3BB627B8}
	EndGlobalSection
EndGlobal
